// !$*UTF8*$!
{
	archiveVersion = 1;
	classes = {
	};
	objectVersion = 50;
	objects = {

/* Begin PBXBuildFile section */
		0022D68B26F1F0F500A5F249 /* CSV_to_TableViewApp.swift in Sources */ = {isa = PBXBuildFile; fileRef = 0022D68A26F1F0F500A5F249 /* CSV_to_TableViewApp.swift */; };
		0022D68D26F1F0F500A5F249 /* ContentView.swift in Sources */ = {isa = PBXBuildFile; fileRef = 0022D68C26F1F0F500A5F249 /* ContentView.swift */; };
		0022D68F26F1F0F700A5F249 /* Assets.xcassets in Resources */ = {isa = PBXBuildFile; fileRef = 0022D68E26F1F0F700A5F249 /* Assets.xcassets */; };
		0022D69226F1F0F700A5F249 /* Preview Assets.xcassets in Resources */ = {isa = PBXBuildFile; fileRef = 0022D69126F1F0F700A5F249 /* Preview Assets.xcassets */; };
		0022D69D26F1F0F800A5F249 /* CSV_to_TableViewTests.swift in Sources */ = {isa = PBXBuildFile; fileRef = 0022D69C26F1F0F800A5F249 /* CSV_to_TableViewTests.swift */; };
		0022D6A826F1F0F800A5F249 /* CSV_to_TableViewUITests.swift in Sources */ = {isa = PBXBuildFile; fileRef = 0022D6A726F1F0F800A5F249 /* CSV_to_TableViewUITests.swift */; };
/* End PBXBuildFile section */

/* Begin PBXContainerItemProxy section */
		0022D69926F1F0F800A5F249 /* PBXContainerItemProxy */ = {
			isa = PBXContainerItemProxy;
			containerPortal = 0022D67F26F1F0F500A5F249 /* Project object */;
			proxyType = 1;
			remoteGlobalIDString = 0022D68626F1F0F500A5F249;
			remoteInfo = "CSV-to-TableView";
		};
		0022D6A426F1F0F800A5F249 /* PBXContainerItemProxy */ = {
			isa = PBXContainerItemProxy;
			containerPortal = 0022D67F26F1F0F500A5F249 /* Project object */;
			proxyType = 1;
			remoteGlobalIDString = 0022D68626F1F0F500A5F249;
			remoteInfo = "CSV-to-TableView";
		};
/* End PBXContainerItemProxy section */

/* Begin PBXFileReference section */
		0022D68726F1F0F500A5F249 /* CSV-to-TableView.app */ = {isa = PBXFileReference; explicitFileType = wrapper.application; includeInIndex = 0; path = "CSV-to-TableView.app"; sourceTree = BUILT_PRODUCTS_DIR; };
		0022D68A26F1F0F500A5F249 /* CSV_to_TableViewApp.swift */ = {isa = PBXFileReference; lastKnownFileType = sourcecode.swift; path = CSV_to_TableViewApp.swift; sourceTree = "<group>"; };
		0022D68C26F1F0F500A5F249 /* ContentView.swift */ = {isa = PBXFileReference; lastKnownFileType = sourcecode.swift; path = ContentView.swift; sourceTree = "<group>"; };
		0022D68E26F1F0F700A5F249 /* Assets.xcassets */ = {isa = PBXFileReference; lastKnownFileType = folder.assetcatalog; path = Assets.xcassets; sourceTree = "<group>"; };
		0022D69126F1F0F700A5F249 /* Preview Assets.xcassets */ = {isa = PBXFileReference; lastKnownFileType = folder.assetcatalog; path = "Preview Assets.xcassets"; sourceTree = "<group>"; };
		0022D69326F1F0F700A5F249 /* Info.plist */ = {isa = PBXFileReference; lastKnownFileType = text.plist.xml; path = Info.plist; sourceTree = "<group>"; };
		0022D69826F1F0F800A5F249 /* CSV-to-TableViewTests.xctest */ = {isa = PBXFileReference; explicitFileType = wrapper.cfbundle; includeInIndex = 0; path = "CSV-to-TableViewTests.xctest"; sourceTree = BUILT_PRODUCTS_DIR; };
		0022D69C26F1F0F800A5F249 /* CSV_to_TableViewTests.swift */ = {isa = PBXFileReference; lastKnownFileType = sourcecode.swift; path = CSV_to_TableViewTests.swift; sourceTree = "<group>"; };
		0022D69E26F1F0F800A5F249 /* Info.plist */ = {isa = PBXFileReference; lastKnownFileType = text.plist.xml; path = Info.plist; sourceTree = "<group>"; };
		0022D6A326F1F0F800A5F249 /* CSV-to-TableViewUITests.xctest */ = {isa = PBXFileReference; explicitFileType = wrapper.cfbundle; includeInIndex = 0; path = "CSV-to-TableViewUITests.xctest"; sourceTree = BUILT_PRODUCTS_DIR; };
		0022D6A726F1F0F800A5F249 /* CSV_to_TableViewUITests.swift */ = {isa = PBXFileReference; lastKnownFileType = sourcecode.swift; path = CSV_to_TableViewUITests.swift; sourceTree = "<group>"; };
		0022D6A926F1F0F800A5F249 /* Info.plist */ = {isa = PBXFileReference; lastKnownFileType = text.plist.xml; path = Info.plist; sourceTree = "<group>"; };
/* End PBXFileReference section */

/* Begin PBXFrameworksBuildPhase section */
		0022D68426F1F0F500A5F249 /* Frameworks */ = {
			isa = PBXFrameworksBuildPhase;
			buildActionMask = 2147483647;
			files = (
			);
			runOnlyForDeploymentPostprocessing = 0;
		};
		0022D69526F1F0F800A5F249 /* Frameworks */ = {
			isa = PBXFrameworksBuildPhase;
			buildActionMask = 2147483647;
			files = (
			);
			runOnlyForDeploymentPostprocessing = 0;
		};
		0022D6A026F1F0F800A5F249 /* Frameworks */ = {
			isa = PBXFrameworksBuildPhase;
			buildActionMask = 2147483647;
			files = (
			);
			runOnlyForDeploymentPostprocessing = 0;
		};
/* End PBXFrameworksBuildPhase section */

/* Begin PBXGroup section */
		0022D67E26F1F0F500A5F249 = {
			isa = PBXGroup;
			children = (
				0022D68926F1F0F500A5F249 /* CSV-to-TableView */,
				0022D69B26F1F0F800A5F249 /* CSV-to-TableViewTests */,
				0022D6A626F1F0F800A5F249 /* CSV-to-TableViewUITests */,
				0022D68826F1F0F500A5F249 /* Products */,
			);
			sourceTree = "<group>";
		};
		0022D68826F1F0F500A5F249 /* Products */ = {
			isa = PBXGroup;
			children = (
				0022D68726F1F0F500A5F249 /* CSV-to-TableView.app */,
				0022D69826F1F0F800A5F249 /* CSV-to-TableViewTests.xctest */,
				0022D6A326F1F0F800A5F249 /* CSV-to-TableViewUITests.xctest */,
			);
			name = Products;
			sourceTree = "<group>";
		};
		0022D68926F1F0F500A5F249 /* CSV-to-TableView */ = {
			isa = PBXGroup;
			children = (
				0022D68A26F1F0F500A5F249 /* CSV_to_TableViewApp.swift */,
				0022D68C26F1F0F500A5F249 /* ContentView.swift */,
				0022D68E26F1F0F700A5F249 /* Assets.xcassets */,
				0022D69326F1F0F700A5F249 /* Info.plist */,
				0022D69026F1F0F700A5F249 /* Preview Content */,
			);
			path = "CSV-to-TableView";
			sourceTree = "<group>";
		};
		0022D69026F1F0F700A5F249 /* Preview Content */ = {
			isa = PBXGroup;
			children = (
				0022D69126F1F0F700A5F249 /* Preview Assets.xcassets */,
			);
			path = "Preview Content";
			sourceTree = "<group>";
		};
		0022D69B26F1F0F800A5F249 /* CSV-to-TableViewTests */ = {
			isa = PBXGroup;
			children = (
				0022D69C26F1F0F800A5F249 /* CSV_to_TableViewTests.swift */,
				0022D69E26F1F0F800A5F249 /* Info.plist */,
			);
			path = "CSV-to-TableViewTests";
			sourceTree = "<group>";
		};
		0022D6A626F1F0F800A5F249 /* CSV-to-TableViewUITests */ = {
			isa = PBXGroup;
			children = (
				0022D6A726F1F0F800A5F249 /* CSV_to_TableViewUITests.swift */,
				0022D6A926F1F0F800A5F249 /* Info.plist */,
			);
			path = "CSV-to-TableViewUITests";
			sourceTree = "<group>";
		};
/* End PBXGroup section */

/* Begin PBXNativeTarget section */
		0022D68626F1F0F500A5F249 /* CSV-to-TableView */ = {
			isa = PBXNativeTarget;
			buildConfigurationList = 0022D6AC26F1F0F800A5F249 /* Build configuration list for PBXNativeTarget "CSV-to-TableView" */;
			buildPhases = (
				0022D68326F1F0F500A5F249 /* Sources */,
				0022D68426F1F0F500A5F249 /* Frameworks */,
				0022D68526F1F0F500A5F249 /* Resources */,
			);
			buildRules = (
			);
			dependencies = (
			);
			name = "CSV-to-TableView";
			productName = "CSV-to-TableView";
			productReference = 0022D68726F1F0F500A5F249 /* CSV-to-TableView.app */;
			productType = "com.apple.product-type.application";
		};
		0022D69726F1F0F800A5F249 /* CSV-to-TableViewTests */ = {
			isa = PBXNativeTarget;
			buildConfigurationList = 0022D6AF26F1F0F800A5F249 /* Build configuration list for PBXNativeTarget "CSV-to-TableViewTests" */;
			buildPhases = (
				0022D69426F1F0F800A5F249 /* Sources */,
				0022D69526F1F0F800A5F249 /* Frameworks */,
				0022D69626F1F0F800A5F249 /* Resources */,
			);
			buildRules = (
			);
			dependencies = (
				0022D69A26F1F0F800A5F249 /* PBXTargetDependency */,
			);
			name = "CSV-to-TableViewTests";
			productName = "CSV-to-TableViewTests";
			productReference = 0022D69826F1F0F800A5F249 /* CSV-to-TableViewTests.xctest */;
			productType = "com.apple.product-type.bundle.unit-test";
		};
		0022D6A226F1F0F800A5F249 /* CSV-to-TableViewUITests */ = {
			isa = PBXNativeTarget;
			buildConfigurationList = 0022D6B226F1F0F800A5F249 /* Build configuration list for PBXNativeTarget "CSV-to-TableViewUITests" */;
			buildPhases = (
				0022D69F26F1F0F800A5F249 /* Sources */,
				0022D6A026F1F0F800A5F249 /* Frameworks */,
				0022D6A126F1F0F800A5F249 /* Resources */,
			);
			buildRules = (
			);
			dependencies = (
				0022D6A526F1F0F800A5F249 /* PBXTargetDependency */,
			);
			name = "CSV-to-TableViewUITests";
			productName = "CSV-to-TableViewUITests";
			productReference = 0022D6A326F1F0F800A5F249 /* CSV-to-TableViewUITests.xctest */;
			productType = "com.apple.product-type.bundle.ui-testing";
		};
/* End PBXNativeTarget section */

/* Begin PBXProject section */
		0022D67F26F1F0F500A5F249 /* Project object */ = {
			isa = PBXProject;
			attributes = {
				LastSwiftUpdateCheck = 1250;
				LastUpgradeCheck = 1250;
				TargetAttributes = {
					0022D68626F1F0F500A5F249 = {
						CreatedOnToolsVersion = 12.5.1;
					};
					0022D69726F1F0F800A5F249 = {
						CreatedOnToolsVersion = 12.5.1;
						TestTargetID = 0022D68626F1F0F500A5F249;
					};
					0022D6A226F1F0F800A5F249 = {
						CreatedOnToolsVersion = 12.5.1;
						TestTargetID = 0022D68626F1F0F500A5F249;
					};
				};
			};
			buildConfigurationList = 0022D68226F1F0F500A5F249 /* Build configuration list for PBXProject "CSV-to-TableView" */;
			compatibilityVersion = "Xcode 9.3";
			developmentRegion = en;
			hasScannedForEncodings = 0;
			knownRegions = (
				en,
				Base,
			);
			mainGroup = 0022D67E26F1F0F500A5F249;
			productRefGroup = 0022D68826F1F0F500A5F249 /* Products */;
			projectDirPath = "";
			projectRoot = "";
			targets = (
				0022D68626F1F0F500A5F249 /* CSV-to-TableView */,
				0022D69726F1F0F800A5F249 /* CSV-to-TableViewTests */,
				0022D6A226F1F0F800A5F249 /* CSV-to-TableViewUITests */,
			);
		};
/* End PBXProject section */

/* Begin PBXResourcesBuildPhase section */
		0022D68526F1F0F500A5F249 /* Resources */ = {
			isa = PBXResourcesBuildPhase;
			buildActionMask = 2147483647;
			files = (
				0022D69226F1F0F700A5F249 /* Preview Assets.xcassets in Resources */,
				0022D68F26F1F0F700A5F249 /* Assets.xcassets in Resources */,
			);
			runOnlyForDeploymentPostprocessing = 0;
		};
		0022D69626F1F0F800A5F249 /* Resources */ = {
			isa = PBXResourcesBuildPhase;
			buildActionMask = 2147483647;
			files = (
			);
			runOnlyForDeploymentPostprocessing = 0;
		};
		0022D6A126F1F0F800A5F249 /* Resources */ = {
			isa = PBXResourcesBuildPhase;
			buildActionMask = 2147483647;
			files = (
			);
			runOnlyForDeploymentPostprocessing = 0;
		};
/* End PBXResourcesBuildPhase section */

/* Begin PBXSourcesBuildPhase section */
		0022D68326F1F0F500A5F249 /* Sources */ = {
			isa = PBXSourcesBuildPhase;
			buildActionMask = 2147483647;
			files = (
				0022D68D26F1F0F500A5F249 /* ContentView.swift in Sources */,
				0022D68B26F1F0F500A5F249 /* CSV_to_TableViewApp.swift in Sources */,
			);
			runOnlyForDeploymentPostprocessing = 0;
		};
		0022D69426F1F0F800A5F249 /* Sources */ = {
			isa = PBXSourcesBuildPhase;
			buildActionMask = 2147483647;
			files = (
				0022D69D26F1F0F800A5F249 /* CSV_to_TableViewTests.swift in Sources */,
			);
			runOnlyForDeploymentPostprocessing = 0;
		};
		0022D69F26F1F0F800A5F249 /* Sources */ = {
			isa = PBXSourcesBuildPhase;
			buildActionMask = 2147483647;
			files = (
				0022D6A826F1F0F800A5F249 /* CSV_to_TableViewUITests.swift in Sources */,
			);
			runOnlyForDeploymentPostprocessing = 0;
		};
/* End PBXSourcesBuildPhase section */

/* Begin PBXTargetDependency section */
		0022D69A26F1F0F800A5F249 /* PBXTargetDependency */ = {
			isa = PBXTargetDependency;
			target = 0022D68626F1F0F500A5F249 /* CSV-to-TableView */;
			targetProxy = 0022D69926F1F0F800A5F249 /* PBXContainerItemProxy */;
		};
		0022D6A526F1F0F800A5F249 /* PBXTargetDependency */ = {
			isa = PBXTargetDependency;
			target = 0022D68626F1F0F500A5F249 /* CSV-to-TableView */;
			targetProxy = 0022D6A426F1F0F800A5F249 /* PBXContainerItemProxy */;
		};
/* End PBXTargetDependency section */

/* Begin XCBuildConfiguration section */
		0022D6AA26F1F0F800A5F249 /* Debug */ = {
			isa = XCBuildConfiguration;
			buildSettings = {
				ALWAYS_SEARCH_USER_PATHS = NO;
				CLANG_ANALYZER_NONNULL = YES;
				CLANG_ANALYZER_NUMBER_OBJECT_CONVERSION = YES_AGGRESSIVE;
				CLANG_CXX_LANGUAGE_STANDARD = "gnu++14";
				CLANG_CXX_LIBRARY = "libc++";
				CLANG_ENABLE_MODULES = YES;
				CLANG_ENABLE_OBJC_ARC = YES;
				CLANG_ENABLE_OBJC_WEAK = YES;
				CLANG_WARN_BLOCK_CAPTURE_AUTORELEASING = YES;
				CLANG_WARN_BOOL_CONVERSION = YES;
				CLANG_WARN_COMMA = YES;
				CLANG_WARN_CONSTANT_CONVERSION = YES;
				CLANG_WARN_DEPRECATED_OBJC_IMPLEMENTATIONS = YES;
				CLANG_WARN_DIRECT_OBJC_ISA_USAGE = YES_ERROR;
				CLANG_WARN_DOCUMENTATION_COMMENTS = YES;
				CLANG_WARN_EMPTY_BODY = YES;
				CLANG_WARN_ENUM_CONVERSION = YES;
				CLANG_WARN_INFINITE_RECURSION = YES;
				CLANG_WARN_INT_CONVERSION = YES;
				CLANG_WARN_NON_LITERAL_NULL_CONVERSION = YES;
				CLANG_WARN_OBJC_IMPLICIT_RETAIN_SELF = YES;
				CLANG_WARN_OBJC_LITERAL_CONVERSION = YES;
				CLANG_WARN_OBJC_ROOT_CLASS = YES_ERROR;
				CLANG_WARN_QUOTED_INCLUDE_IN_FRAMEWORK_HEADER = YES;
				CLANG_WARN_RANGE_LOOP_ANALYSIS = YES;
				CLANG_WARN_STRICT_PROTOTYPES = YES;
				CLANG_WARN_SUSPICIOUS_MOVE = YES;
				CLANG_WARN_UNGUARDED_AVAILABILITY = YES_AGGRESSIVE;
				CLANG_WARN_UNREACHABLE_CODE = YES;
				CLANG_WARN__DUPLICATE_METHOD_MATCH = YES;
				COPY_PHASE_STRIP = NO;
				DEBUG_INFORMATION_FORMAT = dwarf;
				ENABLE_STRICT_OBJC_MSGSEND = YES;
				ENABLE_TESTABILITY = YES;
				GCC_C_LANGUAGE_STANDARD = gnu11;
				GCC_DYNAMIC_NO_PIC = NO;
				GCC_NO_COMMON_BLOCKS = YES;
				GCC_OPTIMIZATION_LEVEL = 0;
				GCC_PREPROCESSOR_DEFINITIONS = (
					"DEBUG=1",
					"$(inherited)",
				);
				GCC_WARN_64_TO_32_BIT_CONVERSION = YES;
				GCC_WARN_ABOUT_RETURN_TYPE = YES_ERROR;
				GCC_WARN_UNDECLARED_SELECTOR = YES;
				GCC_WARN_UNINITIALIZED_AUTOS = YES_AGGRESSIVE;
				GCC_WARN_UNUSED_FUNCTION = YES;
				GCC_WARN_UNUSED_VARIABLE = YES;
				IPHONEOS_DEPLOYMENT_TARGET = 14.5;
				MTL_ENABLE_DEBUG_INFO = INCLUDE_SOURCE;
				MTL_FAST_MATH = YES;
				ONLY_ACTIVE_ARCH = YES;
				SDKROOT = iphoneos;
				SWIFT_ACTIVE_COMPILATION_CONDITIONS = DEBUG;
				SWIFT_OPTIMIZATION_LEVEL = "-Onone";
			};
			name = Debug;
		};
		0022D6AB26F1F0F800A5F249 /* Release */ = {
			isa = XCBuildConfiguration;
			buildSettings = {
				ALWAYS_SEARCH_USER_PATHS = NO;
				CLANG_ANALYZER_NONNULL = YES;
				CLANG_ANALYZER_NUMBER_OBJECT_CONVERSION = YES_AGGRESSIVE;
				CLANG_CXX_LANGUAGE_STANDARD = "gnu++14";
				CLANG_CXX_LIBRARY = "libc++";
				CLANG_ENABLE_MODULES = YES;
				CLANG_ENABLE_OBJC_ARC = YES;
				CLANG_ENABLE_OBJC_WEAK = YES;
				CLANG_WARN_BLOCK_CAPTURE_AUTORELEASING = YES;
				CLANG_WARN_BOOL_CONVERSION = YES;
				CLANG_WARN_COMMA = YES;
				CLANG_WARN_CONSTANT_CONVERSION = YES;
				CLANG_WARN_DEPRECATED_OBJC_IMPLEMENTATIONS = YES;
				CLANG_WARN_DIRECT_OBJC_ISA_USAGE = YES_ERROR;
				CLANG_WARN_DOCUMENTATION_COMMENTS = YES;
				CLANG_WARN_EMPTY_BODY = YES;
				CLANG_WARN_ENUM_CONVERSION = YES;
				CLANG_WARN_INFINITE_RECURSION = YES;
				CLANG_WARN_INT_CONVERSION = YES;
				CLANG_WARN_NON_LITERAL_NULL_CONVERSION = YES;
				CLANG_WARN_OBJC_IMPLICIT_RETAIN_SELF = YES;
				CLANG_WARN_OBJC_LITERAL_CONVERSION = YES;
				CLANG_WARN_OBJC_ROOT_CLASS = YES_ERROR;
				CLANG_WARN_QUOTED_INCLUDE_IN_FRAMEWORK_HEADER = YES;
				CLANG_WARN_RANGE_LOOP_ANALYSIS = YES;
				CLANG_WARN_STRICT_PROTOTYPES = YES;
				CLANG_WARN_SUSPICIOUS_MOVE = YES;
				CLANG_WARN_UNGUARDED_AVAILABILITY = YES_AGGRESSIVE;
				CLANG_WARN_UNREACHABLE_CODE = YES;
				CLANG_WARN__DUPLICATE_METHOD_MATCH = YES;
				COPY_PHASE_STRIP = NO;
				DEBUG_INFORMATION_FORMAT = "dwarf-with-dsym";
				ENABLE_NS_ASSERTIONS = NO;
				ENABLE_STRICT_OBJC_MSGSEND = YES;
				GCC_C_LANGUAGE_STANDARD = gnu11;
				GCC_NO_COMMON_BLOCKS = YES;
				GCC_WARN_64_TO_32_BIT_CONVERSION = YES;
				GCC_WARN_ABOUT_RETURN_TYPE = YES_ERROR;
				GCC_WARN_UNDECLARED_SELECTOR = YES;
				GCC_WARN_UNINITIALIZED_AUTOS = YES_AGGRESSIVE;
				GCC_WARN_UNUSED_FUNCTION = YES;
				GCC_WARN_UNUSED_VARIABLE = YES;
				IPHONEOS_DEPLOYMENT_TARGET = 14.5;
				MTL_ENABLE_DEBUG_INFO = NO;
				MTL_FAST_MATH = YES;
				SDKROOT = iphoneos;
				SWIFT_COMPILATION_MODE = wholemodule;
				SWIFT_OPTIMIZATION_LEVEL = "-O";
				VALIDATE_PRODUCT = YES;
			};
			name = Release;
		};
		0022D6AD26F1F0F800A5F249 /* Debug */ = {
			isa = XCBuildConfiguration;
			buildSettings = {
				ASSETCATALOG_COMPILER_APPICON_NAME = AppIcon;
				ASSETCATALOG_COMPILER_GLOBAL_ACCENT_COLOR_NAME = AccentColor;
				CODE_SIGN_STYLE = Automatic;
				DEVELOPMENT_ASSET_PATHS = "\"CSV-to-TableView/Preview Content\"";
				DEVELOPMENT_TEAM = GJ8DE966XK;
				ENABLE_PREVIEWS = YES;
				INFOPLIST_FILE = "CSV-to-TableView/Info.plist";
				IPHONEOS_DEPLOYMENT_TARGET = 14.0;
				LD_RUNPATH_SEARCH_PATHS = (
					"$(inherited)",
					"@executable_path/Frameworks",
				);
				PRODUCT_BUNDLE_IDENTIFIER = "jp.guttyo.CSV-to-TableView";
				PRODUCT_NAME = "$(TARGET_NAME)";
				SWIFT_VERSION = 5.0;
				TARGETED_DEVICE_FAMILY = "1,2";
			};
			name = Debug;
		};
		0022D6AE26F1F0F800A5F249 /* Release */ = {
			isa = XCBuildConfiguration;
			buildSettings = {
				ASSETCATALOG_COMPILER_APPICON_NAME = AppIcon;
				ASSETCATALOG_COMPILER_GLOBAL_ACCENT_COLOR_NAME = AccentColor;
				CODE_SIGN_STYLE = Automatic;
				DEVELOPMENT_ASSET_PATHS = "\"CSV-to-TableView/Preview Content\"";
				DEVELOPMENT_TEAM = GJ8DE966XK;
				ENABLE_PREVIEWS = YES;
				INFOPLIST_FILE = "CSV-to-TableView/Info.plist";
				IPHONEOS_DEPLOYMENT_TARGET = 14.0;
				LD_RUNPATH_SEARCH_PATHS = (
					"$(inherited)",
					"@executable_path/Frameworks",
				);
				PRODUCT_BUNDLE_IDENTIFIER = "jp.guttyo.CSV-to-TableView";
				PRODUCT_NAME = "$(TARGET_NAME)";
				SWIFT_VERSION = 5.0;
				TARGETED_DEVICE_FAMILY = "1,2";
			};
			name = Release;
		};
		0022D6B026F1F0F800A5F249 /* Debug */ = {
			isa = XCBuildConfiguration;
			buildSettings = {
				ALWAYS_EMBED_SWIFT_STANDARD_LIBRARIES = YES;
				BUNDLE_LOADER = "$(TEST_HOST)";
				CODE_SIGN_STYLE = Automatic;
				DEVELOPMENT_TEAM = GJ8DE966XK;
				INFOPLIST_FILE = "CSV-to-TableViewTests/Info.plist";
				IPHONEOS_DEPLOYMENT_TARGET = 14.0;
				LD_RUNPATH_SEARCH_PATHS = (
					"$(inherited)",
					"@executable_path/Frameworks",
					"@loader_path/Frameworks",
				);
				PRODUCT_BUNDLE_IDENTIFIER = "jp.guttyo.CSV-to-TableViewTests";
				PRODUCT_NAME = "$(TARGET_NAME)";
				SWIFT_VERSION = 5.0;
				TARGETED_DEVICE_FAMILY = "1,2";
				TEST_HOST = "$(BUILT_PRODUCTS_DIR)/CSV-to-TableView.app/CSV-to-TableView";
			};
			name = Debug;
		};
		0022D6B126F1F0F800A5F249 /* Release */ = {
			isa = XCBuildConfiguration;
			buildSettings = {
				ALWAYS_EMBED_SWIFT_STANDARD_LIBRARIES = YES;
				BUNDLE_LOADER = "$(TEST_HOST)";
				CODE_SIGN_STYLE = Automatic;
				DEVELOPMENT_TEAM = GJ8DE966XK;
				INFOPLIST_FILE = "CSV-to-TableViewTests/Info.plist";
				IPHONEOS_DEPLOYMENT_TARGET = 14.0;
				LD_RUNPATH_SEARCH_PATHS = (
					"$(inherited)",
					"@executable_path/Frameworks",
					"@loader_path/Frameworks",
				);
				PRODUCT_BUNDLE_IDENTIFIER = "jp.guttyo.CSV-to-TableViewTests";
				PRODUCT_NAME = "$(TARGET_NAME)";
				SWIFT_VERSION = 5.0;
				TARGETED_DEVICE_FAMILY = "1,2";
				TEST_HOST = "$(BUILT_PRODUCTS_DIR)/CSV-to-TableView.app/CSV-to-TableView";
			};
			name = Release;
		};
		0022D6B326F1F0F800A5F249 /* Debug */ = {
			isa = XCBuildConfiguration;
			buildSettings = {
				ALWAYS_EMBED_SWIFT_STANDARD_LIBRARIES = YES;
				CODE_SIGN_STYLE = Automatic;
				DEVELOPMENT_TEAM = GJ8DE966XK;
				INFOPLIST_FILE = "CSV-to-TableViewUITests/Info.plist";
				LD_RUNPATH_SEARCH_PATHS = (
					"$(inherited)",
					"@executable_path/Frameworks",
					"@loader_path/Frameworks",
				);
				PRODUCT_BUNDLE_IDENTIFIER = "jp.guttyo.CSV-to-TableViewUITests";
				PRODUCT_NAME = "$(TARGET_NAME)";
				SWIFT_VERSION = 5.0;
				TARGETED_DEVICE_FAMILY = "1,2";
				TEST_TARGET_NAME = "CSV-to-TableView";
			};
			name = Debug;
		};
		0022D6B426F1F0F800A5F249 /* Release */ = {
			isa = XCBuildConfiguration;
			buildSettings = {
				ALWAYS_EMBED_SWIFT_STANDARD_LIBRARIES = YES;
				CODE_SIGN_STYLE = Automatic;
				DEVELOPMENT_TEAM = GJ8DE966XK;
				INFOPLIST_FILE = "CSV-to-TableViewUITests/Info.plist";
				LD_RUNPATH_SEARCH_PATHS = (
					"$(inherited)",
					"@executable_path/Frameworks",
					"@loader_path/Frameworks",
				);
				PRODUCT_BUNDLE_IDENTIFIER = "jp.guttyo.CSV-to-TableViewUITests";
				PRODUCT_NAME = "$(TARGET_NAME)";
				SWIFT_VERSION = 5.0;
				TARGETED_DEVICE_FAMILY = "1,2";
				TEST_TARGET_NAME = "CSV-to-TableView";
			};
			name = Release;
		};
/* End XCBuildConfiguration section */

/* Begin XCConfigurationList section */
		0022D68226F1F0F500A5F249 /* Build configuration list for PBXProject "CSV-to-TableView" */ = {
			isa = XCConfigurationList;
			buildConfigurations = (
				0022D6AA26F1F0F800A5F249 /* Debug */,
				0022D6AB26F1F0F800A5F249 /* Release */,
			);
			defaultConfigurationIsVisible = 0;
			defaultConfigurationName = Release;
		};
		0022D6AC26F1F0F800A5F249 /* Build configuration list for PBXNativeTarget "CSV-to-TableView" */ = {
			isa = XCConfigurationList;
			buildConfigurations = (
				0022D6AD26F1F0F800A5F249 /* Debug */,
				0022D6AE26F1F0F800A5F249 /* Release */,
			);
			defaultConfigurationIsVisible = 0;
			defaultConfigurationName = Release;
		};
		0022D6AF26F1F0F800A5F249 /* Build configuration list for PBXNativeTarget "CSV-to-TableViewTests" */ = {
			isa = XCConfigurationList;
			buildConfigurations = (
				0022D6B026F1F0F800A5F249 /* Debug */,
				0022D6B126F1F0F800A5F249 /* Release */,
			);
			defaultConfigurationIsVisible = 0;
			defaultConfigurationName = Release;
		};
		0022D6B226F1F0F800A5F249 /* Build configuration list for PBXNativeTarget "CSV-to-TableViewUITests" */ = {
			isa = XCConfigurationList;
			buildConfigurations = (
				0022D6B326F1F0F800A5F249 /* Debug */,
				0022D6B426F1F0F800A5F249 /* Release */,
			);
			defaultConfigurationIsVisible = 0;
			defaultConfigurationName = Release;
		};
/* End XCConfigurationList section */
	};
	rootObject = 0022D67F26F1F0F500A5F249 /* Project object */;
}
